
Microsoft Visual Studio Solution File, Format Version 12.00
# Visual Studio Version 16
VisualStudioVersion = 16.0.30523.141
MinimumVisualStudioVersion = 10.0.40219.1
Project("{8BC9CEB8-8B4A-11D0-8D11-00A0C91BC942}") = "pc1_socket", "pc1_socket\pc1_socket.vcxproj", "{48771FCF-7535-40C0-9301-7EEB55ADFFA5}"
EndProject
Global
	GlobalSection(SolutionConfigurationPlatforms) = preSolution
		Debug|x64 = Debug|x64
		Debug|x86 = Debug|x86
		Release|x64 = Release|x64
		Release|x86 = Release|x86
	EndGlobalSection
	GlobalSection(ProjectConfigurationPlatforms) = postSolution
		{48771FCF-7535-40C0-9301-7EEB55ADFFA5}.Debug|x64.ActiveCfg = Debug|x64
		{48771FCF-7535-40C0-9301-7EEB55ADFFA5}.Debug|x64.Build.0 = Debug|x64
		{48771FCF-7535-40C0-9301-7EEB55ADFFA5}.Debug|x86.ActiveCfg = Debug|Win32
		{48771FCF-7535-40C0-9301-7EEB55ADFFA5}.Debug|x86.Build.0 = Debug|Win32
		{48771FCF-7535-40C0-9301-7EEB55ADFFA5}.Release|x64.ActiveCfg = Release|x64
		{48771FCF-7535-40C0-9301-7EEB55ADFFA5}.Release|x64.Build.0 = Release|x64
		{48771FCF-7535-40C0-9301-7EEB55ADFFA5}.Release|x86.ActiveCfg = Release|Win32
		{48771FCF-7535-40C0-9301-7EEB55ADFFA5}.Release|x86.Build.0 = Release|Win32
	EndGlobalSection
	GlobalSection(SolutionProperties) = preSolution
		HideSolutionNode = FALSE
	EndGlobalSection
	GlobalSection(ExtensibilityGlobals) = postSolution
		SolutionGuid = {28D24676-9ED4-4678-B255-6B4985AA8C8B}
	EndGlobalSection
EndGlobal
